// !$*UTF8*$!
{
	archiveVersion = 1;
	classes = {
	};
	objectVersion = 48;
	objects = {

/* Begin PBXBuildFile section */
		6085C4081FFBDDC7006B2913 /* AppDelegate.swift in Sources */ = {isa = PBXBuildFile; fileRef = 6085C4071FFBDDC7006B2913 /* AppDelegate.swift */; };
		6085C40D1FFBDDC7006B2913 /* Main.storyboard in Resources */ = {isa = PBXBuildFile; fileRef = 6085C40B1FFBDDC7006B2913 /* Main.storyboard */; };
		6085C40F1FFBDDC7006B2913 /* Assets.xcassets in Resources */ = {isa = PBXBuildFile; fileRef = 6085C40E1FFBDDC7006B2913 /* Assets.xcassets */; };
		6085C4121FFBDDC7006B2913 /* LaunchScreen.storyboard in Resources */ = {isa = PBXBuildFile; fileRef = 6085C4101FFBDDC7006B2913 /* LaunchScreen.storyboard */; };
		6085C41D1FFBDDC7006B2913 /* HomepwnerBNRTests.swift in Sources */ = {isa = PBXBuildFile; fileRef = 6085C41C1FFBDDC7006B2913 /* HomepwnerBNRTests.swift */; };
		6085C4281FFBDDC7006B2913 /* HomepwnerBNRUITests.swift in Sources */ = {isa = PBXBuildFile; fileRef = 6085C4271FFBDDC7006B2913 /* HomepwnerBNRUITests.swift */; };
		6085C4361FFBE9CC006B2913 /* ItemsViewController.swift in Sources */ = {isa = PBXBuildFile; fileRef = 6085C4351FFBE9CC006B2913 /* ItemsViewController.swift */; };
		6085C4381FFBECBA006B2913 /* Item.swift in Sources */ = {isa = PBXBuildFile; fileRef = 6085C4371FFBECBA006B2913 /* Item.swift */; };
		6085C43C1FFBF3AC006B2913 /* ItemStore.swift in Sources */ = {isa = PBXBuildFile; fileRef = 6085C43B1FFBF3AC006B2913 /* ItemStore.swift */; };
		6085C43E1FFE827B006B2913 /* ItemCell.swift in Sources */ = {isa = PBXBuildFile; fileRef = 6085C43D1FFE827B006B2913 /* ItemCell.swift */; };
/* End PBXBuildFile section */

/* Begin PBXContainerItemProxy section */
		6085C4191FFBDDC7006B2913 /* PBXContainerItemProxy */ = {
			isa = PBXContainerItemProxy;
			containerPortal = 6085C3FC1FFBDDC7006B2913 /* Project object */;
			proxyType = 1;
			remoteGlobalIDString = 6085C4031FFBDDC7006B2913;
			remoteInfo = HomepwnerBNR;
		};
		6085C4241FFBDDC7006B2913 /* PBXContainerItemProxy */ = {
			isa = PBXContainerItemProxy;
			containerPortal = 6085C3FC1FFBDDC7006B2913 /* Project object */;
			proxyType = 1;
			remoteGlobalIDString = 6085C4031FFBDDC7006B2913;
			remoteInfo = HomepwnerBNR;
		};
/* End PBXContainerItemProxy section */

/* Begin PBXFileReference section */
		6085C4041FFBDDC7006B2913 /* HomepwnerBNR.app */ = {isa = PBXFileReference; explicitFileType = wrapper.application; includeInIndex = 0; path = HomepwnerBNR.app; sourceTree = BUILT_PRODUCTS_DIR; };
		6085C4071FFBDDC7006B2913 /* AppDelegate.swift */ = {isa = PBXFileReference; lastKnownFileType = sourcecode.swift; path = AppDelegate.swift; sourceTree = "<group>"; };
		6085C40C1FFBDDC7006B2913 /* Base */ = {isa = PBXFileReference; lastKnownFileType = file.storyboard; name = Base; path = Base.lproj/Main.storyboard; sourceTree = "<group>"; };
		6085C40E1FFBDDC7006B2913 /* Assets.xcassets */ = {isa = PBXFileReference; lastKnownFileType = folder.assetcatalog; path = Assets.xcassets; sourceTree = "<group>"; };
		6085C4111FFBDDC7006B2913 /* Base */ = {isa = PBXFileReference; lastKnownFileType = file.storyboard; name = Base; path = Base.lproj/LaunchScreen.storyboard; sourceTree = "<group>"; };
		6085C4131FFBDDC7006B2913 /* Info.plist */ = {isa = PBXFileReference; lastKnownFileType = text.plist.xml; path = Info.plist; sourceTree = "<group>"; };
		6085C4181FFBDDC7006B2913 /* HomepwnerBNRTests.xctest */ = {isa = PBXFileReference; explicitFileType = wrapper.cfbundle; includeInIndex = 0; path = HomepwnerBNRTests.xctest; sourceTree = BUILT_PRODUCTS_DIR; };
		6085C41C1FFBDDC7006B2913 /* HomepwnerBNRTests.swift */ = {isa = PBXFileReference; lastKnownFileType = sourcecode.swift; path = HomepwnerBNRTests.swift; sourceTree = "<group>"; };
		6085C41E1FFBDDC7006B2913 /* Info.plist */ = {isa = PBXFileReference; lastKnownFileType = text.plist.xml; path = Info.plist; sourceTree = "<group>"; };
		6085C4231FFBDDC7006B2913 /* HomepwnerBNRUITests.xctest */ = {isa = PBXFileReference; explicitFileType = wrapper.cfbundle; includeInIndex = 0; path = HomepwnerBNRUITests.xctest; sourceTree = BUILT_PRODUCTS_DIR; };
		6085C4271FFBDDC7006B2913 /* HomepwnerBNRUITests.swift */ = {isa = PBXFileReference; lastKnownFileType = sourcecode.swift; path = HomepwnerBNRUITests.swift; sourceTree = "<group>"; };
		6085C4291FFBDDC7006B2913 /* Info.plist */ = {isa = PBXFileReference; lastKnownFileType = text.plist.xml; path = Info.plist; sourceTree = "<group>"; };
		6085C4351FFBE9CC006B2913 /* ItemsViewController.swift */ = {isa = PBXFileReference; lastKnownFileType = sourcecode.swift; path = ItemsViewController.swift; sourceTree = "<group>"; };
		6085C4371FFBECBA006B2913 /* Item.swift */ = {isa = PBXFileReference; lastKnownFileType = sourcecode.swift; path = Item.swift; sourceTree = "<group>"; };
		6085C43B1FFBF3AC006B2913 /* ItemStore.swift */ = {isa = PBXFileReference; lastKnownFileType = sourcecode.swift; path = ItemStore.swift; sourceTree = "<group>"; };
		6085C43D1FFE827B006B2913 /* ItemCell.swift */ = {isa = PBXFileReference; lastKnownFileType = sourcecode.swift; path = ItemCell.swift; sourceTree = "<group>"; };
/* End PBXFileReference section */

/* Begin PBXFrameworksBuildPhase section */
		6085C4011FFBDDC7006B2913 /* Frameworks */ = {
			isa = PBXFrameworksBuildPhase;
			buildActionMask = 2147483647;
			files = (
			);
			runOnlyForDeploymentPostprocessing = 0;
		};
		6085C4151FFBDDC7006B2913 /* Frameworks */ = {
			isa = PBXFrameworksBuildPhase;
			buildActionMask = 2147483647;
			files = (
			);
			runOnlyForDeploymentPostprocessing = 0;
		};
		6085C4201FFBDDC7006B2913 /* Frameworks */ = {
			isa = PBXFrameworksBuildPhase;
			buildActionMask = 2147483647;
			files = (
			);
			runOnlyForDeploymentPostprocessing = 0;
		};
/* End PBXFrameworksBuildPhase section */

/* Begin PBXGroup section */
		6085C3FB1FFBDDC7006B2913 = {
			isa = PBXGroup;
			children = (
				6085C4061FFBDDC7006B2913 /* HomepwnerBNR */,
				6085C41B1FFBDDC7006B2913 /* HomepwnerBNRTests */,
				6085C4261FFBDDC7006B2913 /* HomepwnerBNRUITests */,
				6085C4051FFBDDC7006B2913 /* Products */,
			);
			sourceTree = "<group>";
		};
		6085C4051FFBDDC7006B2913 /* Products */ = {
			isa = PBXGroup;
			children = (
				6085C4041FFBDDC7006B2913 /* HomepwnerBNR.app */,
				6085C4181FFBDDC7006B2913 /* HomepwnerBNRTests.xctest */,
				6085C4231FFBDDC7006B2913 /* HomepwnerBNRUITests.xctest */,
			);
			name = Products;
			sourceTree = "<group>";
		};
		6085C4061FFBDDC7006B2913 /* HomepwnerBNR */ = {
			isa = PBXGroup;
			children = (
				6085C4071FFBDDC7006B2913 /* AppDelegate.swift */,
				6085C4371FFBECBA006B2913 /* Item.swift */,
				6085C43D1FFE827B006B2913 /* ItemCell.swift */,
				6085C43B1FFBF3AC006B2913 /* ItemStore.swift */,
				6085C4351FFBE9CC006B2913 /* ItemsViewController.swift */,
				6085C40B1FFBDDC7006B2913 /* Main.storyboard */,
				6085C40E1FFBDDC7006B2913 /* Assets.xcassets */,
				6085C4101FFBDDC7006B2913 /* LaunchScreen.storyboard */,
				6085C4131FFBDDC7006B2913 /* Info.plist */,
			);
			path = HomepwnerBNR;
			sourceTree = "<group>";
		};
		6085C41B1FFBDDC7006B2913 /* HomepwnerBNRTests */ = {
			isa = PBXGroup;
			children = (
				6085C41C1FFBDDC7006B2913 /* HomepwnerBNRTests.swift */,
				6085C41E1FFBDDC7006B2913 /* Info.plist */,
			);
			path = HomepwnerBNRTests;
			sourceTree = "<group>";
		};
		6085C4261FFBDDC7006B2913 /* HomepwnerBNRUITests */ = {
			isa = PBXGroup;
			children = (
				6085C4271FFBDDC7006B2913 /* HomepwnerBNRUITests.swift */,
				6085C4291FFBDDC7006B2913 /* Info.plist */,
			);
			path = HomepwnerBNRUITests;
			sourceTree = "<group>";
		};
/* End PBXGroup section */

/* Begin PBXNativeTarget section */
		6085C4031FFBDDC7006B2913 /* HomepwnerBNR */ = {
			isa = PBXNativeTarget;
			buildConfigurationList = 6085C42C1FFBDDC7006B2913 /* Build configuration list for PBXNativeTarget "HomepwnerBNR" */;
			buildPhases = (
				6085C4001FFBDDC7006B2913 /* Sources */,
				6085C4011FFBDDC7006B2913 /* Frameworks */,
				6085C4021FFBDDC7006B2913 /* Resources */,
			);
			buildRules = (
			);
			dependencies = (
			);
			name = HomepwnerBNR;
			productName = HomepwnerBNR;
			productReference = 6085C4041FFBDDC7006B2913 /* HomepwnerBNR.app */;
			productType = "com.apple.product-type.application";
		};
		6085C4171FFBDDC7006B2913 /* HomepwnerBNRTests */ = {
			isa = PBXNativeTarget;
			buildConfigurationList = 6085C42F1FFBDDC7006B2913 /* Build configuration list for PBXNativeTarget "HomepwnerBNRTests" */;
			buildPhases = (
				6085C4141FFBDDC7006B2913 /* Sources */,
				6085C4151FFBDDC7006B2913 /* Frameworks */,
				6085C4161FFBDDC7006B2913 /* Resources */,
			);
			buildRules = (
			);
			dependencies = (
				6085C41A1FFBDDC7006B2913 /* PBXTargetDependency */,
			);
			name = HomepwnerBNRTests;
			productName = HomepwnerBNRTests;
			productReference = 6085C4181FFBDDC7006B2913 /* HomepwnerBNRTests.xctest */;
			productType = "com.apple.product-type.bundle.unit-test";
		};
		6085C4221FFBDDC7006B2913 /* HomepwnerBNRUITests */ = {
			isa = PBXNativeTarget;
			buildConfigurationList = 6085C4321FFBDDC7006B2913 /* Build configuration list for PBXNativeTarget "HomepwnerBNRUITests" */;
			buildPhases = (
				6085C41F1FFBDDC7006B2913 /* Sources */,
				6085C4201FFBDDC7006B2913 /* Frameworks */,
				6085C4211FFBDDC7006B2913 /* Resources */,
			);
			buildRules = (
			);
			dependencies = (
				6085C4251FFBDDC7006B2913 /* PBXTargetDependency */,
			);
			name = HomepwnerBNRUITests;
			productName = HomepwnerBNRUITests;
			productReference = 6085C4231FFBDDC7006B2913 /* HomepwnerBNRUITests.xctest */;
			productType = "com.apple.product-type.bundle.ui-testing";
		};
/* End PBXNativeTarget section */

/* Begin PBXProject section */
		6085C3FC1FFBDDC7006B2913 /* Project object */ = {
			isa = PBXProject;
			attributes = {
				LastSwiftUpdateCheck = 0920;
				LastUpgradeCheck = 0920;
				ORGANIZATIONNAME = "Anatoliy Chernyuk";
				TargetAttributes = {
					6085C4031FFBDDC7006B2913 = {
						CreatedOnToolsVersion = 9.2;
						ProvisioningStyle = Automatic;
					};
					6085C4171FFBDDC7006B2913 = {
						CreatedOnToolsVersion = 9.2;
						ProvisioningStyle = Automatic;
						TestTargetID = 6085C4031FFBDDC7006B2913;
					};
					6085C4221FFBDDC7006B2913 = {
						CreatedOnToolsVersion = 9.2;
						ProvisioningStyle = Automatic;
						TestTargetID = 6085C4031FFBDDC7006B2913;
					};
				};
			};
			buildConfigurationList = 6085C3FF1FFBDDC7006B2913 /* Build configuration list for PBXProject "HomepwnerBNR" */;
			compatibilityVersion = "Xcode 8.0";
			developmentRegion = en;
			hasScannedForEncodings = 0;
			knownRegions = (
				en,
				Base,
			);
			mainGroup = 6085C3FB1FFBDDC7006B2913;
			productRefGroup = 6085C4051FFBDDC7006B2913 /* Products */;
			projectDirPath = "";
			projectRoot = "";
			targets = (
				6085C4031FFBDDC7006B2913 /* HomepwnerBNR */,
				6085C4171FFBDDC7006B2913 /* HomepwnerBNRTests */,
				6085C4221FFBDDC7006B2913 /* HomepwnerBNRUITests */,
			);
		};
/* End PBXProject section */

/* Begin PBXResourcesBuildPhase section */
		6085C4021FFBDDC7006B2913 /* Resources */ = {
			isa = PBXResourcesBuildPhase;
			buildActionMask = 2147483647;
			files = (
				6085C4121FFBDDC7006B2913 /* LaunchScreen.storyboard in Resources */,
				6085C40F1FFBDDC7006B2913 /* Assets.xcassets in Resources */,
				6085C40D1FFBDDC7006B2913 /* Main.storyboard in Resources */,
			);
			runOnlyForDeploymentPostprocessing = 0;
		};
		6085C4161FFBDDC7006B2913 /* Resources */ = {
			isa = PBXResourcesBuildPhase;
			buildActionMask = 2147483647;
			files = (
			);
			runOnlyForDeploymentPostprocessing = 0;
		};
		6085C4211FFBDDC7006B2913 /* Resources */ = {
			isa = PBXResourcesBuildPhase;
			buildActionMask = 2147483647;
			files = (
			);
			runOnlyForDeploymentPostprocessing = 0;
		};
/* End PBXResourcesBuildPhase section */

/* Begin PBXSourcesBuildPhase section */
		6085C4001FFBDDC7006B2913 /* Sources */ = {
			isa = PBXSourcesBuildPhase;
			buildActionMask = 2147483647;
			files = (
				6085C4361FFBE9CC006B2913 /* ItemsViewController.swift in Sources */,
				6085C4381FFBECBA006B2913 /* Item.swift in Sources */,
				6085C43C1FFBF3AC006B2913 /* ItemStore.swift in Sources */,
				6085C4081FFBDDC7006B2913 /* AppDelegate.swift in Sources */,
				6085C43E1FFE827B006B2913 /* ItemCell.swift in Sources */,
			);
			runOnlyForDeploymentPostprocessing = 0;
		};
		6085C4141FFBDDC7006B2913 /* Sources */ = {
			isa = PBXSourcesBuildPhase;
			buildActionMask = 2147483647;
			files = (
				6085C41D1FFBDDC7006B2913 /* HomepwnerBNRTests.swift in Sources */,
			);
			runOnlyForDeploymentPostprocessing = 0;
		};
		6085C41F1FFBDDC7006B2913 /* Sources */ = {
			isa = PBXSourcesBuildPhase;
			buildActionMask = 2147483647;
			files = (
				6085C4281FFBDDC7006B2913 /* HomepwnerBNRUITests.swift in Sources */,
			);
			runOnlyForDeploymentPostprocessing = 0;
		};
/* End PBXSourcesBuildPhase section */

/* Begin PBXTargetDependency section */
		6085C41A1FFBDDC7006B2913 /* PBXTargetDependency */ = {
			isa = PBXTargetDependency;
			target = 6085C4031FFBDDC7006B2913 /* HomepwnerBNR */;
			targetProxy = 6085C4191FFBDDC7006B2913 /* PBXContainerItemProxy */;
		};
		6085C4251FFBDDC7006B2913 /* PBXTargetDependency */ = {
			isa = PBXTargetDependency;
			target = 6085C4031FFBDDC7006B2913 /* HomepwnerBNR */;
			targetProxy = 6085C4241FFBDDC7006B2913 /* PBXContainerItemProxy */;
		};
/* End PBXTargetDependency section */

/* Begin PBXVariantGroup section */
		6085C40B1FFBDDC7006B2913 /* Main.storyboard */ = {
			isa = PBXVariantGroup;
			children = (
				6085C40C1FFBDDC7006B2913 /* Base */,
			);
			name = Main.storyboard;
			sourceTree = "<group>";
		};
		6085C4101FFBDDC7006B2913 /* LaunchScreen.storyboard */ = {
			isa = PBXVariantGroup;
			children = (
				6085C4111FFBDDC7006B2913 /* Base */,
			);
			name = LaunchScreen.storyboard;
			sourceTree = "<group>";
		};
/* End PBXVariantGroup section */

/* Begin XCBuildConfiguration section */
		6085C42A1FFBDDC7006B2913 /* Debug */ = {
			isa = XCBuildConfiguration;
			buildSettings = {
				ALWAYS_SEARCH_USER_PATHS = NO;
				CLANG_ANALYZER_NONNULL = YES;
				CLANG_ANALYZER_NUMBER_OBJECT_CONVERSION = YES_AGGRESSIVE;
				CLANG_CXX_LANGUAGE_STANDARD = "gnu++14";
				CLANG_CXX_LIBRARY = "libc++";
				CLANG_ENABLE_MODULES = YES;
				CLANG_ENABLE_OBJC_ARC = YES;
				CLANG_WARN_BLOCK_CAPTURE_AUTORELEASING = YES;
				CLANG_WARN_BOOL_CONVERSION = YES;
				CLANG_WARN_COMMA = YES;
				CLANG_WARN_CONSTANT_CONVERSION = YES;
				CLANG_WARN_DIRECT_OBJC_ISA_USAGE = YES_ERROR;
				CLANG_WARN_DOCUMENTATION_COMMENTS = YES;
				CLANG_WARN_EMPTY_BODY = YES;
				CLANG_WARN_ENUM_CONVERSION = YES;
				CLANG_WARN_INFINITE_RECURSION = YES;
				CLANG_WARN_INT_CONVERSION = YES;
				CLANG_WARN_NON_LITERAL_NULL_CONVERSION = YES;
				CLANG_WARN_OBJC_LITERAL_CONVERSION = YES;
				CLANG_WARN_OBJC_ROOT_CLASS = YES_ERROR;
				CLANG_WARN_RANGE_LOOP_ANALYSIS = YES;
				CLANG_WARN_STRICT_PROTOTYPES = YES;
				CLANG_WARN_SUSPICIOUS_MOVE = YES;
				CLANG_WARN_UNGUARDED_AVAILABILITY = YES_AGGRESSIVE;
				CLANG_WARN_UNREACHABLE_CODE = YES;
				CLANG_WARN__DUPLICATE_METHOD_MATCH = YES;
				CODE_SIGN_IDENTITY = "iPhone Developer";
				COPY_PHASE_STRIP = NO;
				DEBUG_INFORMATION_FORMAT = dwarf;
				ENABLE_STRICT_OBJC_MSGSEND = YES;
				ENABLE_TESTABILITY = YES;
				GCC_C_LANGUAGE_STANDARD = gnu11;
				GCC_DYNAMIC_NO_PIC = NO;
				GCC_NO_COMMON_BLOCKS = YES;
				GCC_OPTIMIZATION_LEVEL = 0;
				GCC_PREPROCESSOR_DEFINITIONS = (
					"DEBUG=1",
					"$(inherited)",
				);
				GCC_WARN_64_TO_32_BIT_CONVERSION = YES;
				GCC_WARN_ABOUT_RETURN_TYPE = YES_ERROR;
				GCC_WARN_UNDECLARED_SELECTOR = YES;
				GCC_WARN_UNINITIALIZED_AUTOS = YES_AGGRESSIVE;
				GCC_WARN_UNUSED_FUNCTION = YES;
				GCC_WARN_UNUSED_VARIABLE = YES;
				IPHONEOS_DEPLOYMENT_TARGET = 11.2;
				MTL_ENABLE_DEBUG_INFO = YES;
				ONLY_ACTIVE_ARCH = YES;
				SDKROOT = iphoneos;
				SWIFT_ACTIVE_COMPILATION_CONDITIONS = DEBUG;
				SWIFT_OPTIMIZATION_LEVEL = "-Onone";
			};
			name = Debug;
		};
		6085C42B1FFBDDC7006B2913 /* Release */ = {
			isa = XCBuildConfiguration;
			buildSettings = {
				ALWAYS_SEARCH_USER_PATHS = NO;
				CLANG_ANALYZER_NONNULL = YES;
				CLANG_ANALYZER_NUMBER_OBJECT_CONVERSION = YES_AGGRESSIVE;
				CLANG_CXX_LANGUAGE_STANDARD = "gnu++14";
				CLANG_CXX_LIBRARY = "libc++";
				CLANG_ENABLE_MODULES = YES;
				CLANG_ENABLE_OBJC_ARC = YES;
				CLANG_WARN_BLOCK_CAPTURE_AUTORELEASING = YES;
				CLANG_WARN_BOOL_CONVERSION = YES;
				CLANG_WARN_COMMA = YES;
				CLANG_WARN_CONSTANT_CONVERSION = YES;
				CLANG_WARN_DIRECT_OBJC_ISA_USAGE = YES_ERROR;
				CLANG_WARN_DOCUMENTATION_COMMENTS = YES;
				CLANG_WARN_EMPTY_BODY = YES;
				CLANG_WARN_ENUM_CONVERSION = YES;
				CLANG_WARN_INFINITE_RECURSION = YES;
				CLANG_WARN_INT_CONVERSION = YES;
				CLANG_WARN_NON_LITERAL_NULL_CONVERSION = YES;
				CLANG_WARN_OBJC_LITERAL_CONVERSION = YES;
				CLANG_WARN_OBJC_ROOT_CLASS = YES_ERROR;
				CLANG_WARN_RANGE_LOOP_ANALYSIS = YES;
				CLANG_WARN_STRICT_PROTOTYPES = YES;
				CLANG_WARN_SUSPICIOUS_MOVE = YES;
				CLANG_WARN_UNGUARDED_AVAILABILITY = YES_AGGRESSIVE;
				CLANG_WARN_UNREACHABLE_CODE = YES;
				CLANG_WARN__DUPLICATE_METHOD_MATCH = YES;
				CODE_SIGN_IDENTITY = "iPhone Developer";
				COPY_PHASE_STRIP = NO;
				DEBUG_INFORMATION_FORMAT = "dwarf-with-dsym";
				ENABLE_NS_ASSERTIONS = NO;
				ENABLE_STRICT_OBJC_MSGSEND = YES;
				GCC_C_LANGUAGE_STANDARD = gnu11;
				GCC_NO_COMMON_BLOCKS = YES;
				GCC_WARN_64_TO_32_BIT_CONVERSION = YES;
				GCC_WARN_ABOUT_RETURN_TYPE = YES_ERROR;
				GCC_WARN_UNDECLARED_SELECTOR = YES;
				GCC_WARN_UNINITIALIZED_AUTOS = YES_AGGRESSIVE;
				GCC_WARN_UNUSED_FUNCTION = YES;
				GCC_WARN_UNUSED_VARIABLE = YES;
				IPHONEOS_DEPLOYMENT_TARGET = 11.2;
				MTL_ENABLE_DEBUG_INFO = NO;
				SDKROOT = iphoneos;
				SWIFT_OPTIMIZATION_LEVEL = "-Owholemodule";
				VALIDATE_PRODUCT = YES;
			};
			name = Release;
		};
		6085C42D1FFBDDC7006B2913 /* Debug */ = {
			isa = XCBuildConfiguration;
			buildSettings = {
				ASSETCATALOG_COMPILER_APPICON_NAME = AppIcon;
				CODE_SIGN_STYLE = Automatic;
				DEVELOPMENT_TEAM = E87RB5PK6M;
				INFOPLIST_FILE = HomepwnerBNR/Info.plist;
				IPHONEOS_DEPLOYMENT_TARGET = 10.3;
				LD_RUNPATH_SEARCH_PATHS = "$(inherited) @executable_path/Frameworks";
				PRODUCT_BUNDLE_IDENTIFIER = AnatoliyChernyuk.HomepwnerBNR;
				PRODUCT_NAME = "$(TARGET_NAME)";
				SWIFT_VERSION = 4.0;
				TARGETED_DEVICE_FAMILY = "1,2";
			};
			name = Debug;
		};
		6085C42E1FFBDDC7006B2913 /* Release */ = {
			isa = XCBuildConfiguration;
			buildSettings = {
				ASSETCATALOG_COMPILER_APPICON_NAME = AppIcon;
				CODE_SIGN_STYLE = Automatic;
				DEVELOPMENT_TEAM = E87RB5PK6M;
				INFOPLIST_FILE = HomepwnerBNR/Info.plist;
				IPHONEOS_DEPLOYMENT_TARGET = 10.3;
				LD_RUNPATH_SEARCH_PATHS = "$(inherited) @executable_path/Frameworks";
				PRODUCT_BUNDLE_IDENTIFIER = AnatoliyChernyuk.HomepwnerBNR;
				PRODUCT_NAME = "$(TARGET_NAME)";
				SWIFT_VERSION = 4.0;
				TARGETED_DEVICE_FAMILY = "1,2";
			};
			name = Release;
		};
		6085C4301FFBDDC7006B2913 /* Debug */ = {
			isa = XCBuildConfiguration;
			buildSettings = {
				ALWAYS_EMBED_SWIFT_STANDARD_LIBRARIES = YES;
				BUNDLE_LOADER = "$(TEST_HOST)";
				CODE_SIGN_STYLE = Automatic;
				DEVELOPMENT_TEAM = E87RB5PK6M;
				INFOPLIST_FILE = HomepwnerBNRTests/Info.plist;
				LD_RUNPATH_SEARCH_PATHS = "$(inherited) @executable_path/Frameworks @loader_path/Frameworks";
				PRODUCT_BUNDLE_IDENTIFIER = AnatoliyChernyuk.HomepwnerBNRTests;
				PRODUCT_NAME = "$(TARGET_NAME)";
				SWIFT_VERSION = 4.0;
				TARGETED_DEVICE_FAMILY = "1,2";
				TEST_HOST = "$(BUILT_PRODUCTS_DIR)/HomepwnerBNR.app/HomepwnerBNR";
			};
			name = Debug;
		};
		6085C4311FFBDDC7006B2913 /* Release */ = {
			isa = XCBuildConfiguration;
			buildSettings = {
				ALWAYS_EMBED_SWIFT_STANDARD_LIBRARIES = YES;
				BUNDLE_LOADER = "$(TEST_HOST)";
				CODE_SIGN_STYLE = Automatic;
				DEVELOPMENT_TEAM = E87RB5PK6M;
				INFOPLIST_FILE = HomepwnerBNRTests/Info.plist;
				LD_RUNPATH_SEARCH_PATHS = "$(inherited) @executable_path/Frameworks @loader_path/Frameworks";
				PRODUCT_BUNDLE_IDENTIFIER = AnatoliyChernyuk.HomepwnerBNRTests;
				PRODUCT_NAME = "$(TARGET_NAME)";
				SWIFT_VERSION = 4.0;
				TARGETED_DEVICE_FAMILY = "1,2";
				TEST_HOST = "$(BUILT_PRODUCTS_DIR)/HomepwnerBNR.app/HomepwnerBNR";
			};
			name = Release;
		};
		6085C4331FFBDDC7006B2913 /* Debug */ = {
			isa = XCBuildConfiguration;
			buildSettings = {
				ALWAYS_EMBED_SWIFT_STANDARD_LIBRARIES = YES;
				CODE_SIGN_STYLE = Automatic;
				DEVELOPMENT_TEAM = E87RB5PK6M;
				INFOPLIST_FILE = HomepwnerBNRUITests/Info.plist;
				LD_RUNPATH_SEARCH_PATHS = "$(inherited) @executable_path/Frameworks @loader_path/Frameworks";
				PRODUCT_BUNDLE_IDENTIFIER = AnatoliyChernyuk.HomepwnerBNRUITests;
				PRODUCT_NAME = "$(TARGET_NAME)";
				SWIFT_VERSION = 4.0;
				TARGETED_DEVICE_FAMILY = "1,2";
				TEST_TARGET_NAME = HomepwnerBNR;
			};
			name = Debug;
		};
		6085C4341FFBDDC7006B2913 /* Release */ = {
			isa = XCBuildConfiguration;
			buildSettings = {
				ALWAYS_EMBED_SWIFT_STANDARD_LIBRARIES = YES;
				CODE_SIGN_STYLE = Automatic;
				DEVELOPMENT_TEAM = E87RB5PK6M;
				INFOPLIST_FILE = HomepwnerBNRUITests/Info.plist;
				LD_RUNPATH_SEARCH_PATHS = "$(inherited) @executable_path/Frameworks @loader_path/Frameworks";
				PRODUCT_BUNDLE_IDENTIFIER = AnatoliyChernyuk.HomepwnerBNRUITests;
				PRODUCT_NAME = "$(TARGET_NAME)";
				SWIFT_VERSION = 4.0;
				TARGETED_DEVICE_FAMILY = "1,2";
				TEST_TARGET_NAME = HomepwnerBNR;
			};
			name = Release;
		};
/* End XCBuildConfiguration section */

/* Begin XCConfigurationList section */
		6085C3FF1FFBDDC7006B2913 /* Build configuration list for PBXProject "HomepwnerBNR" */ = {
			isa = XCConfigurationList;
			buildConfigurations = (
				6085C42A1FFBDDC7006B2913 /* Debug */,
				6085C42B1FFBDDC7006B2913 /* Release */,
			);
			defaultConfigurationIsVisible = 0;
			defaultConfigurationName = Release;
		};
		6085C42C1FFBDDC7006B2913 /* Build configuration list for PBXNativeTarget "HomepwnerBNR" */ = {
			isa = XCConfigurationList;
			buildConfigurations = (
				6085C42D1FFBDDC7006B2913 /* Debug */,
				6085C42E1FFBDDC7006B2913 /* Release */,
			);
			defaultConfigurationIsVisible = 0;
			defaultConfigurationName = Release;
		};
		6085C42F1FFBDDC7006B2913 /* Build configuration list for PBXNativeTarget "HomepwnerBNRTests" */ = {
			isa = XCConfigurationList;
			buildConfigurations = (
				6085C4301FFBDDC7006B2913 /* Debug */,
				6085C4311FFBDDC7006B2913 /* Release */,
			);
			defaultConfigurationIsVisible = 0;
			defaultConfigurationName = Release;
		};
		6085C4321FFBDDC7006B2913 /* Build configuration list for PBXNativeTarget "HomepwnerBNRUITests" */ = {
			isa = XCConfigurationList;
			buildConfigurations = (
				6085C4331FFBDDC7006B2913 /* Debug */,
				6085C4341FFBDDC7006B2913 /* Release */,
			);
			defaultConfigurationIsVisible = 0;
			defaultConfigurationName = Release;
		};
/* End XCConfigurationList section */
	};
	rootObject = 6085C3FC1FFBDDC7006B2913 /* Project object */;
}
